
Microsoft Visual Studio Solution File, Format Version 12.00
# Visual Studio Version 17
VisualStudioVersion = 17.8.34408.163
MinimumVisualStudioVersion = 10.0.40219.1
Project("{FAE04EC0-301F-11D3-BF4B-00C04F79EFBC}") = "JKLJ", "JKLJ.csproj", "{13254955-4878-4E03-A129-B52CEF1FE193}"
EndProject
Global
	GlobalSection(SolutionConfigurationPlatforms) = preSolution
		Debug|Any CPU = Debug|Any CPU
		Release|Any CPU = Release|Any CPU
	EndGlobalSection
	GlobalSection(ProjectConfigurationPlatforms) = postSolution
		{13254955-4878-4E03-A129-B52CEF1FE193}.Debug|Any CPU.ActiveCfg = Debug|Any CPU
		{13254955-4878-4E03-A129-B52CEF1FE193}.Debug|Any CPU.Build.0 = Debug|Any CPU
		{13254955-4878-4E03-A129-B52CEF1FE193}.Release|Any CPU.ActiveCfg = Release|Any CPU
		{13254955-4878-4E03-A129-B52CEF1FE193}.Release|Any CPU.Build.0 = Release|Any CPU
	EndGlobalSection
	GlobalSection(SolutionProperties) = preSolution
		HideSolutionNode = FALSE
	EndGlobalSection
	GlobalSection(ExtensibilityGlobals) = postSolution
		SolutionGuid = {122E0DC7-0316-4629-98FF-562176BB521D}
	EndGlobalSection
EndGlobal
